Microsoft Visual Studio Solution File, Format Version 10.00
# Visual Studio 2008
Project("{8BC9CEB8-8B4A-11D0-8D11-00A0C91BC942}") = "FreeImage", "FreeImage.2008.vcproj", "{B39ED2B3-D53A-4077-B957-930979A3577D}"
	ProjectSection(ProjectDependencies) = postProject
		{431E3F3F-7C4D-430A-B8F1-4F165DB64EDC} = {431E3F3F-7C4D-430A-B8F1-4F165DB64EDC}
		{912A2D43-35A3-4AF2-B2EB-0D81EFFDA6DC} = {912A2D43-35A3-4AF2-B2EB-0D81EFFDA6DC}
		{17A4874B-0606-4687-90B6-F91F8CB3B8AF} = {17A4874B-0606-4687-90B6-F91F8CB3B8AF}
		{7DB10B50-CE00-4D7A-B322-6824F05D2FCB} = {7DB10B50-CE00-4D7A-B322-6824F05D2FCB}
		{5E1D4E5F-E10C-4BA3-B663-F33014FD21D9} = {5E1D4E5F-E10C-4BA3-B663-F33014FD21D9}
		{33134F61-C1AD-4B6F-9CEA-503A9F140C52} = {33134F61-C1AD-4B6F-9CEA-503A9F140C52}
		{07F662C1-1323-42AB-B6AF-FBFD34A7437A} = {07F662C1-1323-42AB-B6AF-FBFD34A7437A}
		{E3536C28-A7F1-4B53-8E52-7D2232F9E098} = {E3536C28-A7F1-4B53-8E52-7D2232F9E098}
	EndProjectSection
EndProject
Project("{8BC9CEB8-8B4A-11D0-8D11-00A0C91BC942}") = "FreeImageLib", "Source\FreeImageLib\FreeImageLib.2008.vcproj", "{9E219DF2-315D-478E-8A07-8960C377CE1E}"
	ProjectSection(ProjectDependencies) = postProject
		{431E3F3F-7C4D-430A-B8F1-4F165DB64EDC} = {431E3F3F-7C4D-430A-B8F1-4F165DB64EDC}
		{912A2D43-35A3-4AF2-B2EB-0D81EFFDA6DC} = {912A2D43-35A3-4AF2-B2EB-0D81EFFDA6DC}
		{17A4874B-0606-4687-90B6-F91F8CB3B8AF} = {17A4874B-0606-4687-90B6-F91F8CB3B8AF}
		{7DB10B50-CE00-4D7A-B322-6824F05D2FCB} = {7DB10B50-CE00-4D7A-B322-6824F05D2FCB}
		{5E1D4E5F-E10C-4BA3-B663-F33014FD21D9} = {5E1D4E5F-E10C-4BA3-B663-F33014FD21D9}
		{33134F61-C1AD-4B6F-9CEA-503A9F140C52} = {33134F61-C1AD-4B6F-9CEA-503A9F140C52}
		{07F662C1-1323-42AB-B6AF-FBFD34A7437A} = {07F662C1-1323-42AB-B6AF-FBFD34A7437A}
		{E3536C28-A7F1-4B53-8E52-7D2232F9E098} = {E3536C28-A7F1-4B53-8E52-7D2232F9E098}
	EndProjectSection
EndProject
Project("{8BC9CEB8-8B4A-11D0-8D11-00A0C91BC942}") = "FreeImagePlus", "Wrapper\FreeImagePlus\FreeImagePlus.2008.vcproj", "{94F36908-A4E2-4533-939D-64FF6EADA5A1}"
	ProjectSection(ProjectDependencies) = postProject
		{B39ED2B3-D53A-4077-B957-930979A3577D} = {B39ED2B3-D53A-4077-B957-930979A3577D}
	EndProjectSection
EndProject
Project("{8BC9CEB8-8B4A-11D0-8D11-00A0C91BC942}") = "LibJPEG", "Source\LibJPEG\LibJPEG.2008.vcproj", "{5E1D4E5F-E10C-4BA3-B663-F33014FD21D9}"
EndProject
Project("{8BC9CEB8-8B4A-11D0-8D11-00A0C91BC942}") = "LibMNG", "Source\LibMNG\LibMNG.2008.vcproj", "{912A2D43-35A3-4AF2-B2EB-0D81EFFDA6DC}"
EndProject
Project("{8BC9CEB8-8B4A-11D0-8D11-00A0C91BC942}") = "LibPNG", "Source\LibPNG\LibPNG.2008.vcproj", "{7DB10B50-CE00-4D7A-B322-6824F05D2FCB}"
EndProject
Project("{8BC9CEB8-8B4A-11D0-8D11-00A0C91BC942}") = "LibTIFF", "Source\LibTIFF\LibTIFF.2008.vcproj", "{431E3F3F-7C4D-430A-B8F1-4F165DB64EDC}"
EndProject
Project("{8BC9CEB8-8B4A-11D0-8D11-00A0C91BC942}") = "ZLib", "Source\ZLib\ZLib.2008.vcproj", "{33134F61-C1AD-4B6F-9CEA-503A9F140C52}"
EndProject
Project("{8BC9CEB8-8B4A-11D0-8D11-00A0C91BC942}") = "OpenEXR", "Source\OpenEXR\OpenEXR.2008.vcproj", "{17A4874B-0606-4687-90B6-F91F8CB3B8AF}"
EndProject
Project("{8BC9CEB8-8B4A-11D0-8D11-00A0C91BC942}") = "LibOpenJPEG", "Source\LibOpenJPEG\LibOpenJPEG.2008.vcproj", "{E3536C28-A7F1-4B53-8E52-7D2232F9E098}"
EndProject
Project("{8BC9CEB8-8B4A-11D0-8D11-00A0C91BC942}") = "LibRawLite", "Source\LibRawLite\LibRawLite.2008.vcproj", "{07F662C1-1323-42AB-B6AF-FBFD34A7437A}"
	ProjectSection(ProjectDependencies) = postProject
		{5E1D4E5F-E10C-4BA3-B663-F33014FD21D9} = {5E1D4E5F-E10C-4BA3-B663-F33014FD21D9}
	EndProjectSection
EndProject
Global
	GlobalSection(SolutionConfigurationPlatforms) = preSolution
		Debug|Win32 = Debug|Win32
		Release|Win32 = Release|Win32
	EndGlobalSection
	GlobalSection(ProjectConfigurationPlatforms) = postSolution
		{B39ED2B3-D53A-4077-B957-930979A3577D}.Debug|Win32.ActiveCfg = Debug|Win32
		{B39ED2B3-D53A-4077-B957-930979A3577D}.Debug|Win32.Build.0 = Debug|Win32
		{B39ED2B3-D53A-4077-B957-930979A3577D}.Release|Win32.ActiveCfg = Release|Win32
		{B39ED2B3-D53A-4077-B957-930979A3577D}.Release|Win32.Build.0 = Release|Win32
		{9E219DF2-315D-478E-8A07-8960C377CE1E}.Debug|Win32.ActiveCfg = Debug|Win32
		{9E219DF2-315D-478E-8A07-8960C377CE1E}.Release|Win32.ActiveCfg = Release|Win32
		{94F36908-A4E2-4533-939D-64FF6EADA5A1}.Debug|Win32.ActiveCfg = Debug|Win32
		{94F36908-A4E2-4533-939D-64FF6EADA5A1}.Debug|Win32.Build.0 = Debug|Win32
		{94F36908-A4E2-4533-939D-64FF6EADA5A1}.Release|Win32.ActiveCfg = Release|Win32
		{94F36908-A4E2-4533-939D-64FF6EADA5A1}.Release|Win32.Build.0 = Release|Win32
		{5E1D4E5F-E10C-4BA3-B663-F33014FD21D9}.Debug|Win32.ActiveCfg = Debug|Win32
		{5E1D4E5F-E10C-4BA3-B663-F33014FD21D9}.Debug|Win32.Build.0 = Debug|Win32
		{5E1D4E5F-E10C-4BA3-B663-F33014FD21D9}.Release|Win32.ActiveCfg = Release|Win32
		{5E1D4E5F-E10C-4BA3-B663-F33014FD21D9}.Release|Win32.Build.0 = Release|Win32
		{912A2D43-35A3-4AF2-B2EB-0D81EFFDA6DC}.Debug|Win32.ActiveCfg = Debug|Win32
		{912A2D43-35A3-4AF2-B2EB-0D81EFFDA6DC}.Debug|Win32.Build.0 = Debug|Win32
		{912A2D43-35A3-4AF2-B2EB-0D81EFFDA6DC}.Release|Win32.ActiveCfg = Release|Win32
		{912A2D43-35A3-4AF2-B2EB-0D81EFFDA6DC}.Release|Win32.Build.0 = Release|Win32
		{7DB10B50-CE00-4D7A-B322-6824F05D2FCB}.Debug|Win32.ActiveCfg = Debug|Win32
		{7DB10B50-CE00-4D7A-B322-6824F05D2FCB}.Debug|Win32.Build.0 = Debug|Win32
		{7DB10B50-CE00-4D7A-B322-6824F05D2FCB}.Release|Win32.ActiveCfg = Release|Win32
		{7DB10B50-CE00-4D7A-B322-6824F05D2FCB}.Release|Win32.Build.0 = Release|Win32
		{431E3F3F-7C4D-430A-B8F1-4F165DB64EDC}.Debug|Win32.ActiveCfg = Debug|Win32
		{431E3F3F-7C4D-430A-B8F1-4F165DB64EDC}.Debug|Win32.Build.0 = Debug|Win32
		{431E3F3F-7C4D-430A-B8F1-4F165DB64EDC}.Release|Win32.ActiveCfg = Release|Win32
		{431E3F3F-7C4D-430A-B8F1-4F165DB64EDC}.Release|Win32.Build.0 = Release|Win32
		{33134F61-C1AD-4B6F-9CEA-503A9F140C52}.Debug|Win32.ActiveCfg = Debug|Win32
		{33134F61-C1AD-4B6F-9CEA-503A9F140C52}.Debug|Win32.Build.0 = Debug|Win32
		{33134F61-C1AD-4B6F-9CEA-503A9F140C52}.Release|Win32.ActiveCfg = Release|Win32
		{33134F61-C1AD-4B6F-9CEA-503A9F140C52}.Release|Win32.Build.0 = Release|Win32
		{17A4874B-0606-4687-90B6-F91F8CB3B8AF}.Debug|Win32.ActiveCfg = Debug|Win32
		{17A4874B-0606-4687-90B6-F91F8CB3B8AF}.Debug|Win32.Build.0 = Debug|Win32
		{17A4874B-0606-4687-90B6-F91F8CB3B8AF}.Release|Win32.ActiveCfg = Release|Win32
		{17A4874B-0606-4687-90B6-F91F8CB3B8AF}.Release|Win32.Build.0 = Release|Win32
		{E3536C28-A7F1-4B53-8E52-7D2232F9E098}.Debug|Win32.ActiveCfg = Debug|Win32
		{E3536C28-A7F1-4B53-8E52-7D2232F9E098}.Debug|Win32.Build.0 = Debug|Win32
		{E3536C28-A7F1-4B53-8E52-7D2232F9E098}.Release|Win32.ActiveCfg = Release|Win32
		{E3536C28-A7F1-4B53-8E52-7D2232F9E098}.Release|Win32.Build.0 = Release|Win32
		{07F662C1-1323-42AB-B6AF-FBFD34A7437A}.Debug|Win32.ActiveCfg = Debug|Win32
		{07F662C1-1323-42AB-B6AF-FBFD34A7437A}.Debug|Win32.Build.0 = Debug|Win32
		{07F662C1-1323-42AB-B6AF-FBFD34A7437A}.Release|Win32.ActiveCfg = Release|Win32
		{07F662C1-1323-42AB-B6AF-FBFD34A7437A}.Release|Win32.Build.0 = Release|Win32
	EndGlobalSection
	GlobalSection(SolutionProperties) = preSolution
		HideSolutionNode = FALSE
	EndGlobalSection
EndGlobal
