Microsoft Visual Studio Solution File, Format Version 8.00
Project("{8BC9CEB8-8B4A-11D0-8D11-00A0C91BC942}") = "FreeImage", "FreeImage.2003.vcproj", "{B39ED2B3-D53A-4077-B957-930979A3577D}"
	ProjectSection(ProjectDependencies) = postProject
		{E3536C28-A7F1-4B53-8E52-7D2232F9E098} = {E3536C28-A7F1-4B53-8E52-7D2232F9E098}
		{1B0A722E-A6A5-4DF2-9A7F-DE24E20E6937} = {1B0A722E-A6A5-4DF2-9A7F-DE24E20E6937}
		{431E3F3F-7C4D-430A-B8F1-4F165DB64EDC} = {431E3F3F-7C4D-430A-B8F1-4F165DB64EDC}
		{912A2D43-35A3-4AF2-B2EB-0D81EFFDA6DC} = {912A2D43-35A3-4AF2-B2EB-0D81EFFDA6DC}
		{17A4874B-0606-4687-90B6-F91F8CB3B8AF} = {17A4874B-0606-4687-90B6-F91F8CB3B8AF}
		{7DB10B50-CE00-4D7A-B322-6824F05D2FCB} = {7DB10B50-CE00-4D7A-B322-6824F05D2FCB}
		{5E1D4E5F-E10C-4BA3-B663-F33014FD21D9} = {5E1D4E5F-E10C-4BA3-B663-F33014FD21D9}
		{33134F61-C1AD-4B6F-9CEA-503A9F140C52} = {33134F61-C1AD-4B6F-9CEA-503A9F140C52}
	EndProjectSection
EndProject
Project("{8BC9CEB8-8B4A-11D0-8D11-00A0C91BC942}") = "FreeImageLib", "SOURCE\FreeImageLib\FreeImageLib.2003.vcproj", "{9E219DF2-315D-478E-8A07-8960C377CE1E}"
	ProjectSection(ProjectDependencies) = postProject
		{E3536C28-A7F1-4B53-8E52-7D2232F9E098} = {E3536C28-A7F1-4B53-8E52-7D2232F9E098}
		{1B0A722E-A6A5-4DF2-9A7F-DE24E20E6937} = {1B0A722E-A6A5-4DF2-9A7F-DE24E20E6937}
		{431E3F3F-7C4D-430A-B8F1-4F165DB64EDC} = {431E3F3F-7C4D-430A-B8F1-4F165DB64EDC}
		{912A2D43-35A3-4AF2-B2EB-0D81EFFDA6DC} = {912A2D43-35A3-4AF2-B2EB-0D81EFFDA6DC}
		{17A4874B-0606-4687-90B6-F91F8CB3B8AF} = {17A4874B-0606-4687-90B6-F91F8CB3B8AF}
		{7DB10B50-CE00-4D7A-B322-6824F05D2FCB} = {7DB10B50-CE00-4D7A-B322-6824F05D2FCB}
		{5E1D4E5F-E10C-4BA3-B663-F33014FD21D9} = {5E1D4E5F-E10C-4BA3-B663-F33014FD21D9}
		{33134F61-C1AD-4B6F-9CEA-503A9F140C52} = {33134F61-C1AD-4B6F-9CEA-503A9F140C52}
	EndProjectSection
EndProject
Project("{8BC9CEB8-8B4A-11D0-8D11-00A0C91BC942}") = "FreeImagePlus", "Wrapper\FreeImagePlus\FreeImagePlus.2003.vcproj", "{12AAE1F1-E982-49D3-B24E-63FD677FCE77}"
	ProjectSection(ProjectDependencies) = postProject
		{B39ED2B3-D53A-4077-B957-930979A3577D} = {B39ED2B3-D53A-4077-B957-930979A3577D}
	EndProjectSection
EndProject
Project("{8BC9CEB8-8B4A-11D0-8D11-00A0C91BC942}") = "LibJPEG", "Source\LibJPEG\LibJPEG.2003.vcproj", "{5E1D4E5F-E10C-4BA3-B663-F33014FD21D9}"
	ProjectSection(ProjectDependencies) = postProject
	EndProjectSection
EndProject
Project("{8BC9CEB8-8B4A-11D0-8D11-00A0C91BC942}") = "LibMNG", "Source\LibMNG\LibMNG.2003.vcproj", "{912A2D43-35A3-4AF2-B2EB-0D81EFFDA6DC}"
	ProjectSection(ProjectDependencies) = postProject
	EndProjectSection
EndProject
Project("{8BC9CEB8-8B4A-11D0-8D11-00A0C91BC942}") = "LibPNG", "Source\LibPNG\LibPNG.2003.vcproj", "{7DB10B50-CE00-4D7A-B322-6824F05D2FCB}"
	ProjectSection(ProjectDependencies) = postProject
	EndProjectSection
EndProject
Project("{8BC9CEB8-8B4A-11D0-8D11-00A0C91BC942}") = "LibTIFF", "Source\LibTIFF\LibTIFF.2003.vcproj", "{431E3F3F-7C4D-430A-B8F1-4F165DB64EDC}"
	ProjectSection(ProjectDependencies) = postProject
	EndProjectSection
EndProject
Project("{8BC9CEB8-8B4A-11D0-8D11-00A0C91BC942}") = "ZLib", "Source\ZLib\ZLib.2003.vcproj", "{33134F61-C1AD-4B6F-9CEA-503A9F140C52}"
	ProjectSection(ProjectDependencies) = postProject
	EndProjectSection
EndProject
Project("{8BC9CEB8-8B4A-11D0-8D11-00A0C91BC942}") = "OpenEXR", "Source\OpenEXR\OpenEXR.2003.vcproj", "{17A4874B-0606-4687-90B6-F91F8CB3B8AF}"
	ProjectSection(ProjectDependencies) = postProject
	EndProjectSection
EndProject
Project("{8BC9CEB8-8B4A-11D0-8D11-00A0C91BC942}") = "LibOpenJPEG", "Source\LibOpenJPEG\LibOpenJPEG.2003.vcproj", "{E3536C28-A7F1-4B53-8E52-7D2232F9E098}"
	ProjectSection(ProjectDependencies) = postProject
	EndProjectSection
EndProject
Project("{8BC9CEB8-8B4A-11D0-8D11-00A0C91BC942}") = "LibRawLite", "Source\LibRawLite\LibRawLite.2003.vcproj", "{1B0A722E-A6A5-4DF2-9A7F-DE24E20E6937}"
	ProjectSection(ProjectDependencies) = postProject
	EndProjectSection
EndProject
Global
	GlobalSection(SolutionConfiguration) = preSolution
		Debug = Debug
		Release = Release
	EndGlobalSection
	GlobalSection(ProjectDependencies) = postSolution
	EndGlobalSection
	GlobalSection(ProjectConfiguration) = postSolution
		{B39ED2B3-D53A-4077-B957-930979A3577D}.Debug.ActiveCfg = Debug|Win32
		{B39ED2B3-D53A-4077-B957-930979A3577D}.Debug.Build.0 = Debug|Win32
		{B39ED2B3-D53A-4077-B957-930979A3577D}.Release.ActiveCfg = Release|Win32
		{B39ED2B3-D53A-4077-B957-930979A3577D}.Release.Build.0 = Release|Win32
		{9E219DF2-315D-478E-8A07-8960C377CE1E}.Debug.ActiveCfg = Debug|Win32
		{9E219DF2-315D-478E-8A07-8960C377CE1E}.Release.ActiveCfg = Release|Win32
		{12AAE1F1-E982-49D3-B24E-63FD677FCE77}.Debug.ActiveCfg = Debug|Win32
		{12AAE1F1-E982-49D3-B24E-63FD677FCE77}.Debug.Build.0 = Debug|Win32
		{12AAE1F1-E982-49D3-B24E-63FD677FCE77}.Release.ActiveCfg = Release|Win32
		{12AAE1F1-E982-49D3-B24E-63FD677FCE77}.Release.Build.0 = Release|Win32
		{5E1D4E5F-E10C-4BA3-B663-F33014FD21D9}.Debug.ActiveCfg = Debug|Win32
		{5E1D4E5F-E10C-4BA3-B663-F33014FD21D9}.Debug.Build.0 = Debug|Win32
		{5E1D4E5F-E10C-4BA3-B663-F33014FD21D9}.Release.ActiveCfg = Release|Win32
		{5E1D4E5F-E10C-4BA3-B663-F33014FD21D9}.Release.Build.0 = Release|Win32
		{912A2D43-35A3-4AF2-B2EB-0D81EFFDA6DC}.Debug.ActiveCfg = Debug|Win32
		{912A2D43-35A3-4AF2-B2EB-0D81EFFDA6DC}.Debug.Build.0 = Debug|Win32
		{912A2D43-35A3-4AF2-B2EB-0D81EFFDA6DC}.Release.ActiveCfg = Release|Win32
		{912A2D43-35A3-4AF2-B2EB-0D81EFFDA6DC}.Release.Build.0 = Release|Win32
		{7DB10B50-CE00-4D7A-B322-6824F05D2FCB}.Debug.ActiveCfg = Debug|Win32
		{7DB10B50-CE00-4D7A-B322-6824F05D2FCB}.Debug.Build.0 = Debug|Win32
		{7DB10B50-CE00-4D7A-B322-6824F05D2FCB}.Release.ActiveCfg = Release|Win32
		{7DB10B50-CE00-4D7A-B322-6824F05D2FCB}.Release.Build.0 = Release|Win32
		{431E3F3F-7C4D-430A-B8F1-4F165DB64EDC}.Debug.ActiveCfg = Debug|Win32
		{431E3F3F-7C4D-430A-B8F1-4F165DB64EDC}.Debug.Build.0 = Debug|Win32
		{431E3F3F-7C4D-430A-B8F1-4F165DB64EDC}.Release.ActiveCfg = Release|Win32
		{431E3F3F-7C4D-430A-B8F1-4F165DB64EDC}.Release.Build.0 = Release|Win32
		{33134F61-C1AD-4B6F-9CEA-503A9F140C52}.Debug.ActiveCfg = Debug|Win32
		{33134F61-C1AD-4B6F-9CEA-503A9F140C52}.Debug.Build.0 = Debug|Win32
		{33134F61-C1AD-4B6F-9CEA-503A9F140C52}.Release.ActiveCfg = Release|Win32
		{33134F61-C1AD-4B6F-9CEA-503A9F140C52}.Release.Build.0 = Release|Win32
		{17A4874B-0606-4687-90B6-F91F8CB3B8AF}.Debug.ActiveCfg = Debug|Win32
		{17A4874B-0606-4687-90B6-F91F8CB3B8AF}.Debug.Build.0 = Debug|Win32
		{17A4874B-0606-4687-90B6-F91F8CB3B8AF}.Release.ActiveCfg = Release|Win32
		{17A4874B-0606-4687-90B6-F91F8CB3B8AF}.Release.Build.0 = Release|Win32
		{E3536C28-A7F1-4B53-8E52-7D2232F9E098}.Debug.ActiveCfg = Debug|Win32
		{E3536C28-A7F1-4B53-8E52-7D2232F9E098}.Debug.Build.0 = Debug|Win32
		{E3536C28-A7F1-4B53-8E52-7D2232F9E098}.Release.ActiveCfg = Release|Win32
		{E3536C28-A7F1-4B53-8E52-7D2232F9E098}.Release.Build.0 = Release|Win32
		{1B0A722E-A6A5-4DF2-9A7F-DE24E20E6937}.Debug.ActiveCfg = Debug|Win32
		{1B0A722E-A6A5-4DF2-9A7F-DE24E20E6937}.Debug.Build.0 = Debug|Win32
		{1B0A722E-A6A5-4DF2-9A7F-DE24E20E6937}.Release.ActiveCfg = Release|Win32
		{1B0A722E-A6A5-4DF2-9A7F-DE24E20E6937}.Release.Build.0 = Release|Win32
	EndGlobalSection
	GlobalSection(ExtensibilityGlobals) = postSolution
	EndGlobalSection
	GlobalSection(ExtensibilityAddIns) = postSolution
	EndGlobalSection
EndGlobal
